
Microsoft Visual Studio Solution File, Format Version 12.00
# Visual Studio 15
VisualStudioVersion = 15.0.26730.16
MinimumVisualStudioVersion = 10.0.40219.1
Project("{FAE04EC0-301F-11D3-BF4B-00C04F79EFBC}") = "lambdaexpression", "lambdaexpression\lambdaexpression.csproj", "{6EA1243B-1C00-4692-B125-1B1E0E5E4D46}"
EndProject
Global
	GlobalSection(SolutionConfigurationPlatforms) = preSolution
		Debug|Any CPU = Debug|Any CPU
		Release|Any CPU = Release|Any CPU
	EndGlobalSection
	GlobalSection(ProjectConfigurationPlatforms) = postSolution
		{6EA1243B-1C00-4692-B125-1B1E0E5E4D46}.Debug|Any CPU.ActiveCfg = Debug|Any CPU
		{6EA1243B-1C00-4692-B125-1B1E0E5E4D46}.Debug|Any CPU.Build.0 = Debug|Any CPU
		{6EA1243B-1C00-4692-B125-1B1E0E5E4D46}.Release|Any CPU.ActiveCfg = Release|Any CPU
		{6EA1243B-1C00-4692-B125-1B1E0E5E4D46}.Release|Any CPU.Build.0 = Release|Any CPU
	EndGlobalSection
	GlobalSection(SolutionProperties) = preSolution
		HideSolutionNode = FALSE
	EndGlobalSection
	GlobalSection(ExtensibilityGlobals) = postSolution
		SolutionGuid = {910053C1-7E27-492D-84FA-FEBA08C0AB50}
	EndGlobalSection
EndGlobal
